
Microsoft Visual Studio Solution File, Format Version 12.00
# Visual Studio Version 17
VisualStudioVersion = 17.12.35527.113 d17.12
MinimumVisualStudioVersion = 10.0.40219.1
Project("{FAE04EC0-301F-11D3-BF4B-00C04F79EFBC}") = "Domain", "Domain\Domain.csproj", "{A2F7D23A-A611-404B-8305-9F53C291BC8F}"
EndProject
Project("{FAE04EC0-301F-11D3-BF4B-00C04F79EFBC}") = "Infrastructure", "Infrastructure\Infrastructure.csproj", "{B3AAB678-135A-4B76-8310-2A1AF8C3DB8A}"
EndProject
Project("{FAE04EC0-301F-11D3-BF4B-00C04F79EFBC}") = "Application", "Application\Application.csproj", "{016747AF-2922-4089-992C-C504BD0E4DB6}"
EndProject
Project("{FAE04EC0-301F-11D3-BF4B-00C04F79EFBC}") = "Presentation", "Presentation\Presentation.csproj", "{232A69B0-EB1C-4DD9-8AD5-0C527B8D732B}"
EndProject
Global
	GlobalSection(SolutionConfigurationPlatforms) = preSolution
		Debug|Any CPU = Debug|Any CPU
		Release|Any CPU = Release|Any CPU
	EndGlobalSection
	GlobalSection(ProjectConfigurationPlatforms) = postSolution
		{A2F7D23A-A611-404B-8305-9F53C291BC8F}.Debug|Any CPU.ActiveCfg = Debug|Any CPU
		{A2F7D23A-A611-404B-8305-9F53C291BC8F}.Debug|Any CPU.Build.0 = Debug|Any CPU
		{A2F7D23A-A611-404B-8305-9F53C291BC8F}.Release|Any CPU.ActiveCfg = Release|Any CPU
		{A2F7D23A-A611-404B-8305-9F53C291BC8F}.Release|Any CPU.Build.0 = Release|Any CPU
		{B3AAB678-135A-4B76-8310-2A1AF8C3DB8A}.Debug|Any CPU.ActiveCfg = Debug|Any CPU
		{B3AAB678-135A-4B76-8310-2A1AF8C3DB8A}.Debug|Any CPU.Build.0 = Debug|Any CPU
		{B3AAB678-135A-4B76-8310-2A1AF8C3DB8A}.Release|Any CPU.ActiveCfg = Release|Any CPU
		{B3AAB678-135A-4B76-8310-2A1AF8C3DB8A}.Release|Any CPU.Build.0 = Release|Any CPU
		{016747AF-2922-4089-992C-C504BD0E4DB6}.Debug|Any CPU.ActiveCfg = Debug|Any CPU
		{016747AF-2922-4089-992C-C504BD0E4DB6}.Debug|Any CPU.Build.0 = Debug|Any CPU
		{016747AF-2922-4089-992C-C504BD0E4DB6}.Release|Any CPU.ActiveCfg = Release|Any CPU
		{016747AF-2922-4089-992C-C504BD0E4DB6}.Release|Any CPU.Build.0 = Release|Any CPU
		{232A69B0-EB1C-4DD9-8AD5-0C527B8D732B}.Debug|Any CPU.ActiveCfg = Debug|Any CPU
		{232A69B0-EB1C-4DD9-8AD5-0C527B8D732B}.Debug|Any CPU.Build.0 = Debug|Any CPU
		{232A69B0-EB1C-4DD9-8AD5-0C527B8D732B}.Release|Any CPU.ActiveCfg = Release|Any CPU
		{232A69B0-EB1C-4DD9-8AD5-0C527B8D732B}.Release|Any CPU.Build.0 = Release|Any CPU
	EndGlobalSection
	GlobalSection(SolutionProperties) = preSolution
		HideSolutionNode = FALSE
	EndGlobalSection
EndGlobal
